// !$*UTF8*$!
{
	archiveVersion = 1;
	classes = {
	};
	objectVersion = 56;
	objects = {

/* Begin PBXBuildFile section */
		B1863AE42B8A998300AFEBC0 /* proretreApp.swift in Sources */ = {isa = PBXBuildFile; fileRef = B1863AE32B8A998300AFEBC0 /* proretreApp.swift */; };
		B1863AE62B8A998300AFEBC0 /* ContentView.swift in Sources */ = {isa = PBXBuildFile; fileRef = B1863AE52B8A998300AFEBC0 /* ContentView.swift */; };
		B1863AE82B8A998700AFEBC0 /* Assets.xcassets in Resources */ = {isa = PBXBuildFile; fileRef = B1863AE72B8A998700AFEBC0 /* Assets.xcassets */; };
		B1863AEB2B8A998700AFEBC0 /* Preview Assets.xcassets in Resources */ = {isa = PBXBuildFile; fileRef = B1863AEA2B8A998700AFEBC0 /* Preview Assets.xcassets */; };
		B1863AF62B8A998700AFEBC0 /* proretreTests.swift in Sources */ = {isa = PBXBuildFile; fileRef = B1863AF52B8A998700AFEBC0 /* proretreTests.swift */; };
		B1863B002B8A998700AFEBC0 /* proretreUITests.swift in Sources */ = {isa = PBXBuildFile; fileRef = B1863AFF2B8A998700AFEBC0 /* proretreUITests.swift */; };
		B1863B022B8A998700AFEBC0 /* proretreUITestsLaunchTests.swift in Sources */ = {isa = PBXBuildFile; fileRef = B1863B012B8A998700AFEBC0 /* proretreUITestsLaunchTests.swift */; };
/* End PBXBuildFile section */

/* Begin PBXContainerItemProxy section */
		B1863AF22B8A998700AFEBC0 /* PBXContainerItemProxy */ = {
			isa = PBXContainerItemProxy;
			containerPortal = B1863AD82B8A998300AFEBC0 /* Project object */;
			proxyType = 1;
			remoteGlobalIDString = B1863ADF2B8A998300AFEBC0;
			remoteInfo = proretre;
		};
		B1863AFC2B8A998700AFEBC0 /* PBXContainerItemProxy */ = {
			isa = PBXContainerItemProxy;
			containerPortal = B1863AD82B8A998300AFEBC0 /* Project object */;
			proxyType = 1;
			remoteGlobalIDString = B1863ADF2B8A998300AFEBC0;
			remoteInfo = proretre;
		};
/* End PBXContainerItemProxy section */

/* Begin PBXFileReference section */
		B1863AE02B8A998300AFEBC0 /* proretre.app */ = {isa = PBXFileReference; explicitFileType = wrapper.application; includeInIndex = 0; path = proretre.app; sourceTree = BUILT_PRODUCTS_DIR; };
		B1863AE32B8A998300AFEBC0 /* proretreApp.swift */ = {isa = PBXFileReference; lastKnownFileType = sourcecode.swift; path = proretreApp.swift; sourceTree = "<group>"; };
		B1863AE52B8A998300AFEBC0 /* ContentView.swift */ = {isa = PBXFileReference; lastKnownFileType = sourcecode.swift; path = ContentView.swift; sourceTree = "<group>"; };
		B1863AE72B8A998700AFEBC0 /* Assets.xcassets */ = {isa = PBXFileReference; lastKnownFileType = folder.assetcatalog; path = Assets.xcassets; sourceTree = "<group>"; };
		B1863AEA2B8A998700AFEBC0 /* Preview Assets.xcassets */ = {isa = PBXFileReference; lastKnownFileType = folder.assetcatalog; path = "Preview Assets.xcassets"; sourceTree = "<group>"; };
		B1863AEC2B8A998700AFEBC0 /* proretre.entitlements */ = {isa = PBXFileReference; lastKnownFileType = text.plist.entitlements; path = proretre.entitlements; sourceTree = "<group>"; };
		B1863AF12B8A998700AFEBC0 /* proretreTests.xctest */ = {isa = PBXFileReference; explicitFileType = wrapper.cfbundle; includeInIndex = 0; path = proretreTests.xctest; sourceTree = BUILT_PRODUCTS_DIR; };
		B1863AF52B8A998700AFEBC0 /* proretreTests.swift */ = {isa = PBXFileReference; lastKnownFileType = sourcecode.swift; path = proretreTests.swift; sourceTree = "<group>"; };
		B1863AFB2B8A998700AFEBC0 /* proretreUITests.xctest */ = {isa = PBXFileReference; explicitFileType = wrapper.cfbundle; includeInIndex = 0; path = proretreUITests.xctest; sourceTree = BUILT_PRODUCTS_DIR; };
		B1863AFF2B8A998700AFEBC0 /* proretreUITests.swift */ = {isa = PBXFileReference; lastKnownFileType = sourcecode.swift; path = proretreUITests.swift; sourceTree = "<group>"; };
		B1863B012B8A998700AFEBC0 /* proretreUITestsLaunchTests.swift */ = {isa = PBXFileReference; lastKnownFileType = sourcecode.swift; path = proretreUITestsLaunchTests.swift; sourceTree = "<group>"; };
/* End PBXFileReference section */

/* Begin PBXFrameworksBuildPhase section */
		B1863ADD2B8A998300AFEBC0 /* Frameworks */ = {
			isa = PBXFrameworksBuildPhase;
			buildActionMask = 2147483647;
			files = (
			);
			runOnlyForDeploymentPostprocessing = 0;
		};
		B1863AEE2B8A998700AFEBC0 /* Frameworks */ = {
			isa = PBXFrameworksBuildPhase;
			buildActionMask = 2147483647;
			files = (
			);
			runOnlyForDeploymentPostprocessing = 0;
		};
		B1863AF82B8A998700AFEBC0 /* Frameworks */ = {
			isa = PBXFrameworksBuildPhase;
			buildActionMask = 2147483647;
			files = (
			);
			runOnlyForDeploymentPostprocessing = 0;
		};
/* End PBXFrameworksBuildPhase section */

/* Begin PBXGroup section */
		B1863AD72B8A998300AFEBC0 = {
			isa = PBXGroup;
			children = (
				B1863AE22B8A998300AFEBC0 /* proretre */,
				B1863AF42B8A998700AFEBC0 /* proretreTests */,
				B1863AFE2B8A998700AFEBC0 /* proretreUITests */,
				B1863AE12B8A998300AFEBC0 /* Products */,
			);
			sourceTree = "<group>";
		};
		B1863AE12B8A998300AFEBC0 /* Products */ = {
			isa = PBXGroup;
			children = (
				B1863AE02B8A998300AFEBC0 /* proretre.app */,
				B1863AF12B8A998700AFEBC0 /* proretreTests.xctest */,
				B1863AFB2B8A998700AFEBC0 /* proretreUITests.xctest */,
			);
			name = Products;
			sourceTree = "<group>";
		};
		B1863AE22B8A998300AFEBC0 /* proretre */ = {
			isa = PBXGroup;
			children = (
				B1863AE32B8A998300AFEBC0 /* proretreApp.swift */,
				B1863AE52B8A998300AFEBC0 /* ContentView.swift */,
				B1863AE72B8A998700AFEBC0 /* Assets.xcassets */,
				B1863AEC2B8A998700AFEBC0 /* proretre.entitlements */,
				B1863AE92B8A998700AFEBC0 /* Preview Content */,
			);
			path = proretre;
			sourceTree = "<group>";
		};
		B1863AE92B8A998700AFEBC0 /* Preview Content */ = {
			isa = PBXGroup;
			children = (
				B1863AEA2B8A998700AFEBC0 /* Preview Assets.xcassets */,
			);
			path = "Preview Content";
			sourceTree = "<group>";
		};
		B1863AF42B8A998700AFEBC0 /* proretreTests */ = {
			isa = PBXGroup;
			children = (
				B1863AF52B8A998700AFEBC0 /* proretreTests.swift */,
			);
			path = proretreTests;
			sourceTree = "<group>";
		};
		B1863AFE2B8A998700AFEBC0 /* proretreUITests */ = {
			isa = PBXGroup;
			children = (
				B1863AFF2B8A998700AFEBC0 /* proretreUITests.swift */,
				B1863B012B8A998700AFEBC0 /* proretreUITestsLaunchTests.swift */,
			);
			path = proretreUITests;
			sourceTree = "<group>";
		};
/* End PBXGroup section */

/* Begin PBXNativeTarget section */
		B1863ADF2B8A998300AFEBC0 /* proretre */ = {
			isa = PBXNativeTarget;
			buildConfigurationList = B1863B052B8A998700AFEBC0 /* Build configuration list for PBXNativeTarget "proretre" */;
			buildPhases = (
				B1863ADC2B8A998300AFEBC0 /* Sources */,
				B1863ADD2B8A998300AFEBC0 /* Frameworks */,
				B1863ADE2B8A998300AFEBC0 /* Resources */,
			);
			buildRules = (
			);
			dependencies = (
			);
			name = proretre;
			productName = proretre;
			productReference = B1863AE02B8A998300AFEBC0 /* proretre.app */;
			productType = "com.apple.product-type.application";
		};
		B1863AF02B8A998700AFEBC0 /* proretreTests */ = {
			isa = PBXNativeTarget;
			buildConfigurationList = B1863B082B8A998700AFEBC0 /* Build configuration list for PBXNativeTarget "proretreTests" */;
			buildPhases = (
				B1863AED2B8A998700AFEBC0 /* Sources */,
				B1863AEE2B8A998700AFEBC0 /* Frameworks */,
				B1863AEF2B8A998700AFEBC0 /* Resources */,
			);
			buildRules = (
			);
			dependencies = (
				B1863AF32B8A998700AFEBC0 /* PBXTargetDependency */,
			);
			name = proretreTests;
			productName = proretreTests;
			productReference = B1863AF12B8A998700AFEBC0 /* proretreTests.xctest */;
			productType = "com.apple.product-type.bundle.unit-test";
		};
		B1863AFA2B8A998700AFEBC0 /* proretreUITests */ = {
			isa = PBXNativeTarget;
			buildConfigurationList = B1863B0B2B8A998700AFEBC0 /* Build configuration list for PBXNativeTarget "proretreUITests" */;
			buildPhases = (
				B1863AF72B8A998700AFEBC0 /* Sources */,
				B1863AF82B8A998700AFEBC0 /* Frameworks */,
				B1863AF92B8A998700AFEBC0 /* Resources */,
			);
			buildRules = (
			);
			dependencies = (
				B1863AFD2B8A998700AFEBC0 /* PBXTargetDependency */,
			);
			name = proretreUITests;
			productName = proretreUITests;
			productReference = B1863AFB2B8A998700AFEBC0 /* proretreUITests.xctest */;
			productType = "com.apple.product-type.bundle.ui-testing";
		};
/* End PBXNativeTarget section */

/* Begin PBXProject section */
		B1863AD82B8A998300AFEBC0 /* Project object */ = {
			isa = PBXProject;
			attributes = {
				BuildIndependentTargetsInParallel = 1;
				LastSwiftUpdateCheck = 1520;
				LastUpgradeCheck = 1520;
				TargetAttributes = {
					B1863ADF2B8A998300AFEBC0 = {
						CreatedOnToolsVersion = 15.2;
					};
					B1863AF02B8A998700AFEBC0 = {
						CreatedOnToolsVersion = 15.2;
						TestTargetID = B1863ADF2B8A998300AFEBC0;
					};
					B1863AFA2B8A998700AFEBC0 = {
						CreatedOnToolsVersion = 15.2;
						TestTargetID = B1863ADF2B8A998300AFEBC0;
					};
				};
			};
			buildConfigurationList = B1863ADB2B8A998300AFEBC0 /* Build configuration list for PBXProject "proretre" */;
			compatibilityVersion = "Xcode 14.0";
			developmentRegion = en;
			hasScannedForEncodings = 0;
			knownRegions = (
				en,
				Base,
			);
			mainGroup = B1863AD72B8A998300AFEBC0;
			productRefGroup = B1863AE12B8A998300AFEBC0 /* Products */;
			projectDirPath = "";
			projectRoot = "";
			targets = (
				B1863ADF2B8A998300AFEBC0 /* proretre */,
				B1863AF02B8A998700AFEBC0 /* proretreTests */,
				B1863AFA2B8A998700AFEBC0 /* proretreUITests */,
			);
		};
/* End PBXProject section */

/* Begin PBXResourcesBuildPhase section */
		B1863ADE2B8A998300AFEBC0 /* Resources */ = {
			isa = PBXResourcesBuildPhase;
			buildActionMask = 2147483647;
			files = (
				B1863AEB2B8A998700AFEBC0 /* Preview Assets.xcassets in Resources */,
				B1863AE82B8A998700AFEBC0 /* Assets.xcassets in Resources */,
			);
			runOnlyForDeploymentPostprocessing = 0;
		};
		B1863AEF2B8A998700AFEBC0 /* Resources */ = {
			isa = PBXResourcesBuildPhase;
			buildActionMask = 2147483647;
			files = (
			);
			runOnlyForDeploymentPostprocessing = 0;
		};
		B1863AF92B8A998700AFEBC0 /* Resources */ = {
			isa = PBXResourcesBuildPhase;
			buildActionMask = 2147483647;
			files = (
			);
			runOnlyForDeploymentPostprocessing = 0;
		};
/* End PBXResourcesBuildPhase section */

/* Begin PBXSourcesBuildPhase section */
		B1863ADC2B8A998300AFEBC0 /* Sources */ = {
			isa = PBXSourcesBuildPhase;
			buildActionMask = 2147483647;
			files = (
				B1863AE62B8A998300AFEBC0 /* ContentView.swift in Sources */,
				B1863AE42B8A998300AFEBC0 /* proretreApp.swift in Sources */,
			);
			runOnlyForDeploymentPostprocessing = 0;
		};
		B1863AED2B8A998700AFEBC0 /* Sources */ = {
			isa = PBXSourcesBuildPhase;
			buildActionMask = 2147483647;
			files = (
				B1863AF62B8A998700AFEBC0 /* proretreTests.swift in Sources */,
			);
			runOnlyForDeploymentPostprocessing = 0;
		};
		B1863AF72B8A998700AFEBC0 /* Sources */ = {
			isa = PBXSourcesBuildPhase;
			buildActionMask = 2147483647;
			files = (
				B1863B022B8A998700AFEBC0 /* proretreUITestsLaunchTests.swift in Sources */,
				B1863B002B8A998700AFEBC0 /* proretreUITests.swift in Sources */,
			);
			runOnlyForDeploymentPostprocessing = 0;
		};
/* End PBXSourcesBuildPhase section */

/* Begin PBXTargetDependency section */
		B1863AF32B8A998700AFEBC0 /* PBXTargetDependency */ = {
			isa = PBXTargetDependency;
			target = B1863ADF2B8A998300AFEBC0 /* proretre */;
			targetProxy = B1863AF22B8A998700AFEBC0 /* PBXContainerItemProxy */;
		};
		B1863AFD2B8A998700AFEBC0 /* PBXTargetDependency */ = {
			isa = PBXTargetDependency;
			target = B1863ADF2B8A998300AFEBC0 /* proretre */;
			targetProxy = B1863AFC2B8A998700AFEBC0 /* PBXContainerItemProxy */;
		};
/* End PBXTargetDependency section */

/* Begin XCBuildConfiguration section */
		B1863B032B8A998700AFEBC0 /* Debug */ = {
			isa = XCBuildConfiguration;
			buildSettings = {
				ALWAYS_SEARCH_USER_PATHS = NO;
				ASSETCATALOG_COMPILER_GENERATE_SWIFT_ASSET_SYMBOL_EXTENSIONS = YES;
				CLANG_ANALYZER_NONNULL = YES;
				CLANG_ANALYZER_NUMBER_OBJECT_CONVERSION = YES_AGGRESSIVE;
				CLANG_CXX_LANGUAGE_STANDARD = "gnu++20";
				CLANG_ENABLE_MODULES = YES;
				CLANG_ENABLE_OBJC_ARC = YES;
				CLANG_ENABLE_OBJC_WEAK = YES;
				CLANG_WARN_BLOCK_CAPTURE_AUTORELEASING = YES;
				CLANG_WARN_BOOL_CONVERSION = YES;
				CLANG_WARN_COMMA = YES;
				CLANG_WARN_CONSTANT_CONVERSION = YES;
				CLANG_WARN_DEPRECATED_OBJC_IMPLEMENTATIONS = YES;
				CLANG_WARN_DIRECT_OBJC_ISA_USAGE = YES_ERROR;
				CLANG_WARN_DOCUMENTATION_COMMENTS = YES;
				CLANG_WARN_EMPTY_BODY = YES;
				CLANG_WARN_ENUM_CONVERSION = YES;
				CLANG_WARN_INFINITE_RECURSION = YES;
				CLANG_WARN_INT_CONVERSION = YES;
				CLANG_WARN_NON_LITERAL_NULL_CONVERSION = YES;
				CLANG_WARN_OBJC_IMPLICIT_RETAIN_SELF = YES;
				CLANG_WARN_OBJC_LITERAL_CONVERSION = YES;
				CLANG_WARN_OBJC_ROOT_CLASS = YES_ERROR;
				CLANG_WARN_QUOTED_INCLUDE_IN_FRAMEWORK_HEADER = YES;
				CLANG_WARN_RANGE_LOOP_ANALYSIS = YES;
				CLANG_WARN_STRICT_PROTOTYPES = YES;
				CLANG_WARN_SUSPICIOUS_MOVE = YES;
				CLANG_WARN_UNGUARDED_AVAILABILITY = YES_AGGRESSIVE;
				CLANG_WARN_UNREACHABLE_CODE = YES;
				CLANG_WARN__DUPLICATE_METHOD_MATCH = YES;
				COPY_PHASE_STRIP = NO;
				DEBUG_INFORMATION_FORMAT = dwarf;
				ENABLE_STRICT_OBJC_MSGSEND = YES;
				ENABLE_TESTABILITY = YES;
				ENABLE_USER_SCRIPT_SANDBOXING = YES;
				GCC_C_LANGUAGE_STANDARD = gnu17;
				GCC_DYNAMIC_NO_PIC = NO;
				GCC_NO_COMMON_BLOCKS = YES;
				GCC_OPTIMIZATION_LEVEL = 0;
				GCC_PREPROCESSOR_DEFINITIONS = (
					"DEBUG=1",
					"$(inherited)",
				);
				GCC_WARN_64_TO_32_BIT_CONVERSION = YES;
				GCC_WARN_ABOUT_RETURN_TYPE = YES_ERROR;
				GCC_WARN_UNDECLARED_SELECTOR = YES;
				GCC_WARN_UNINITIALIZED_AUTOS = YES_AGGRESSIVE;
				GCC_WARN_UNUSED_FUNCTION = YES;
				GCC_WARN_UNUSED_VARIABLE = YES;
				LOCALIZATION_PREFERS_STRING_CATALOGS = YES;
				MACOSX_DEPLOYMENT_TARGET = 14.2;
				MTL_ENABLE_DEBUG_INFO = INCLUDE_SOURCE;
				MTL_FAST_MATH = YES;
				ONLY_ACTIVE_ARCH = YES;
				SDKROOT = macosx;
				SWIFT_ACTIVE_COMPILATION_CONDITIONS = "DEBUG $(inherited)";
				SWIFT_OPTIMIZATION_LEVEL = "-Onone";
			};
			name = Debug;
		};
		B1863B042B8A998700AFEBC0 /* Release */ = {
			isa = XCBuildConfiguration;
			buildSettings = {
				ALWAYS_SEARCH_USER_PATHS = NO;
				ASSETCATALOG_COMPILER_GENERATE_SWIFT_ASSET_SYMBOL_EXTENSIONS = YES;
				CLANG_ANALYZER_NONNULL = YES;
				CLANG_ANALYZER_NUMBER_OBJECT_CONVERSION = YES_AGGRESSIVE;
				CLANG_CXX_LANGUAGE_STANDARD = "gnu++20";
				CLANG_ENABLE_MODULES = YES;
				CLANG_ENABLE_OBJC_ARC = YES;
				CLANG_ENABLE_OBJC_WEAK = YES;
				CLANG_WARN_BLOCK_CAPTURE_AUTORELEASING = YES;
				CLANG_WARN_BOOL_CONVERSION = YES;
				CLANG_WARN_COMMA = YES;
				CLANG_WARN_CONSTANT_CONVERSION = YES;
				CLANG_WARN_DEPRECATED_OBJC_IMPLEMENTATIONS = YES;
				CLANG_WARN_DIRECT_OBJC_ISA_USAGE = YES_ERROR;
				CLANG_WARN_DOCUMENTATION_COMMENTS = YES;
				CLANG_WARN_EMPTY_BODY = YES;
				CLANG_WARN_ENUM_CONVERSION = YES;
				CLANG_WARN_INFINITE_RECURSION = YES;
				CLANG_WARN_INT_CONVERSION = YES;
				CLANG_WARN_NON_LITERAL_NULL_CONVERSION = YES;
				CLANG_WARN_OBJC_IMPLICIT_RETAIN_SELF = YES;
				CLANG_WARN_OBJC_LITERAL_CONVERSION = YES;
				CLANG_WARN_OBJC_ROOT_CLASS = YES_ERROR;
				CLANG_WARN_QUOTED_INCLUDE_IN_FRAMEWORK_HEADER = YES;
				CLANG_WARN_RANGE_LOOP_ANALYSIS = YES;
				CLANG_WARN_STRICT_PROTOTYPES = YES;
				CLANG_WARN_SUSPICIOUS_MOVE = YES;
				CLANG_WARN_UNGUARDED_AVAILABILITY = YES_AGGRESSIVE;
				CLANG_WARN_UNREACHABLE_CODE = YES;
				CLANG_WARN__DUPLICATE_METHOD_MATCH = YES;
				COPY_PHASE_STRIP = NO;
				DEBUG_INFORMATION_FORMAT = "dwarf-with-dsym";
				ENABLE_NS_ASSERTIONS = NO;
				ENABLE_STRICT_OBJC_MSGSEND = YES;
				ENABLE_USER_SCRIPT_SANDBOXING = YES;
				GCC_C_LANGUAGE_STANDARD = gnu17;
				GCC_NO_COMMON_BLOCKS = YES;
				GCC_WARN_64_TO_32_BIT_CONVERSION = YES;
				GCC_WARN_ABOUT_RETURN_TYPE = YES_ERROR;
				GCC_WARN_UNDECLARED_SELECTOR = YES;
				GCC_WARN_UNINITIALIZED_AUTOS = YES_AGGRESSIVE;
				GCC_WARN_UNUSED_FUNCTION = YES;
				GCC_WARN_UNUSED_VARIABLE = YES;
				LOCALIZATION_PREFERS_STRING_CATALOGS = YES;
				MACOSX_DEPLOYMENT_TARGET = 14.2;
				MTL_ENABLE_DEBUG_INFO = NO;
				MTL_FAST_MATH = YES;
				SDKROOT = macosx;
				SWIFT_COMPILATION_MODE = wholemodule;
			};
			name = Release;
		};
		B1863B062B8A998700AFEBC0 /* Debug */ = {
			isa = XCBuildConfiguration;
			buildSettings = {
				ASSETCATALOG_COMPILER_APPICON_NAME = AppIcon;
				ASSETCATALOG_COMPILER_GLOBAL_ACCENT_COLOR_NAME = AccentColor;
				CODE_SIGN_ENTITLEMENTS = proretre/proretre.entitlements;
				CODE_SIGN_STYLE = Automatic;
				COMBINE_HIDPI_IMAGES = YES;
				CURRENT_PROJECT_VERSION = 1;
				DEVELOPMENT_ASSET_PATHS = "\"proretre/Preview Content\"";
				ENABLE_PREVIEWS = YES;
				GENERATE_INFOPLIST_FILE = YES;
				INFOPLIST_KEY_NSHumanReadableCopyright = "";
				LD_RUNPATH_SEARCH_PATHS = (
					"$(inherited)",
					"@executable_path/../Frameworks",
				);
				MARKETING_VERSION = 1.0;
				PRODUCT_BUNDLE_IDENTIFIER = icaroMedia.proretre;
				PRODUCT_NAME = "$(TARGET_NAME)";
				SWIFT_EMIT_LOC_STRINGS = YES;
				SWIFT_VERSION = 5.0;
			};
			name = Debug;
		};
		B1863B072B8A998700AFEBC0 /* Release */ = {
			isa = XCBuildConfiguration;
			buildSettings = {
				ASSETCATALOG_COMPILER_APPICON_NAME = AppIcon;
				ASSETCATALOG_COMPILER_GLOBAL_ACCENT_COLOR_NAME = AccentColor;
				CODE_SIGN_ENTITLEMENTS = proretre/proretre.entitlements;
				CODE_SIGN_STYLE = Automatic;
				COMBINE_HIDPI_IMAGES = YES;
				CURRENT_PROJECT_VERSION = 1;
				DEVELOPMENT_ASSET_PATHS = "\"proretre/Preview Content\"";
				ENABLE_PREVIEWS = YES;
				GENERATE_INFOPLIST_FILE = YES;
				INFOPLIST_KEY_NSHumanReadableCopyright = "";
				LD_RUNPATH_SEARCH_PATHS = (
					"$(inherited)",
					"@executable_path/../Frameworks",
				);
				MARKETING_VERSION = 1.0;
				PRODUCT_BUNDLE_IDENTIFIER = icaroMedia.proretre;
				PRODUCT_NAME = "$(TARGET_NAME)";
				SWIFT_EMIT_LOC_STRINGS = YES;
				SWIFT_VERSION = 5.0;
			};
			name = Release;
		};
		B1863B092B8A998700AFEBC0 /* Debug */ = {
			isa = XCBuildConfiguration;
			buildSettings = {
				ALWAYS_EMBED_SWIFT_STANDARD_LIBRARIES = YES;
				BUNDLE_LOADER = "$(TEST_HOST)";
				CODE_SIGN_STYLE = Automatic;
				CURRENT_PROJECT_VERSION = 1;
				GENERATE_INFOPLIST_FILE = YES;
				MACOSX_DEPLOYMENT_TARGET = 14.2;
				MARKETING_VERSION = 1.0;
				PRODUCT_BUNDLE_IDENTIFIER = icaroMedia.proretreTests;
				PRODUCT_NAME = "$(TARGET_NAME)";
				SWIFT_EMIT_LOC_STRINGS = NO;
				SWIFT_VERSION = 5.0;
				TEST_HOST = "$(BUILT_PRODUCTS_DIR)/proretre.app/$(BUNDLE_EXECUTABLE_FOLDER_PATH)/proretre";
			};
			name = Debug;
		};
		B1863B0A2B8A998700AFEBC0 /* Release */ = {
			isa = XCBuildConfiguration;
			buildSettings = {
				ALWAYS_EMBED_SWIFT_STANDARD_LIBRARIES = YES;
				BUNDLE_LOADER = "$(TEST_HOST)";
				CODE_SIGN_STYLE = Automatic;
				CURRENT_PROJECT_VERSION = 1;
				GENERATE_INFOPLIST_FILE = YES;
				MACOSX_DEPLOYMENT_TARGET = 14.2;
				MARKETING_VERSION = 1.0;
				PRODUCT_BUNDLE_IDENTIFIER = icaroMedia.proretreTests;
				PRODUCT_NAME = "$(TARGET_NAME)";
				SWIFT_EMIT_LOC_STRINGS = NO;
				SWIFT_VERSION = 5.0;
				TEST_HOST = "$(BUILT_PRODUCTS_DIR)/proretre.app/$(BUNDLE_EXECUTABLE_FOLDER_PATH)/proretre";
			};
			name = Release;
		};
		B1863B0C2B8A998700AFEBC0 /* Debug */ = {
			isa = XCBuildConfiguration;
			buildSettings = {
				ALWAYS_EMBED_SWIFT_STANDARD_LIBRARIES = YES;
				CODE_SIGN_STYLE = Automatic;
				CURRENT_PROJECT_VERSION = 1;
				GENERATE_INFOPLIST_FILE = YES;
				MARKETING_VERSION = 1.0;
				PRODUCT_BUNDLE_IDENTIFIER = icaroMedia.proretreUITests;
				PRODUCT_NAME = "$(TARGET_NAME)";
				SWIFT_EMIT_LOC_STRINGS = NO;
				SWIFT_VERSION = 5.0;
				TEST_TARGET_NAME = proretre;
			};
			name = Debug;
		};
		B1863B0D2B8A998700AFEBC0 /* Release */ = {
			isa = XCBuildConfiguration;
			buildSettings = {
				ALWAYS_EMBED_SWIFT_STANDARD_LIBRARIES = YES;
				CODE_SIGN_STYLE = Automatic;
				CURRENT_PROJECT_VERSION = 1;
				GENERATE_INFOPLIST_FILE = YES;
				MARKETING_VERSION = 1.0;
				PRODUCT_BUNDLE_IDENTIFIER = icaroMedia.proretreUITests;
				PRODUCT_NAME = "$(TARGET_NAME)";
				SWIFT_EMIT_LOC_STRINGS = NO;
				SWIFT_VERSION = 5.0;
				TEST_TARGET_NAME = proretre;
			};
			name = Release;
		};
/* End XCBuildConfiguration section */

/* Begin XCConfigurationList section */
		B1863ADB2B8A998300AFEBC0 /* Build configuration list for PBXProject "proretre" */ = {
			isa = XCConfigurationList;
			buildConfigurations = (
				B1863B032B8A998700AFEBC0 /* Debug */,
				B1863B042B8A998700AFEBC0 /* Release */,
			);
			defaultConfigurationIsVisible = 0;
			defaultConfigurationName = Release;
		};
		B1863B052B8A998700AFEBC0 /* Build configuration list for PBXNativeTarget "proretre" */ = {
			isa = XCConfigurationList;
			buildConfigurations = (
				B1863B062B8A998700AFEBC0 /* Debug */,
				B1863B072B8A998700AFEBC0 /* Release */,
			);
			defaultConfigurationIsVisible = 0;
			defaultConfigurationName = Release;
		};
		B1863B082B8A998700AFEBC0 /* Build configuration list for PBXNativeTarget "proretreTests" */ = {
			isa = XCConfigurationList;
			buildConfigurations = (
				B1863B092B8A998700AFEBC0 /* Debug */,
				B1863B0A2B8A998700AFEBC0 /* Release */,
			);
			defaultConfigurationIsVisible = 0;
			defaultConfigurationName = Release;
		};
		B1863B0B2B8A998700AFEBC0 /* Build configuration list for PBXNativeTarget "proretreUITests" */ = {
			isa = XCConfigurationList;
			buildConfigurations = (
				B1863B0C2B8A998700AFEBC0 /* Debug */,
				B1863B0D2B8A998700AFEBC0 /* Release */,
			);
			defaultConfigurationIsVisible = 0;
			defaultConfigurationName = Release;
		};
/* End XCConfigurationList section */
	};
	rootObject = B1863AD82B8A998300AFEBC0 /* Project object */;
}
